
Microsoft Visual Studio Solution File, Format Version 12.00
# Visual Studio Version 17
VisualStudioVersion = 17.5.002.0
MinimumVisualStudioVersion = 10.0.40219.1
Project("{9A19103F-16F7-4668-BE54-9A1E7A4F7556}") = "RestaurantApp.Core", "RestaurantApp.Core\RestaurantApp.Core.csproj", "{9D4B0EAC-F2CF-4B05-8272-ADD01ED340D5}"
EndProject
Project("{9A19103F-16F7-4668-BE54-9A1E7A4F7556}") = "RestaurantApp.Infrastructure", "RestaurantApp.Infrastructure\RestaurantApp.Infrastructure.csproj", "{5BDC6419-D8EB-41C6-93C8-DD19D7FF29AA}"
EndProject
Project("{9A19103F-16F7-4668-BE54-9A1E7A4F7556}") = "RestaurantApp.Presentation", "RestaurantApp.Presentation\RestaurantApp.Presentation.csproj", "{B3C93F42-C79E-442B-8091-0B81732E6D5D}"
EndProject
Global
	GlobalSection(SolutionConfigurationPlatforms) = preSolution
		Debug|Any CPU = Debug|Any CPU
		Release|Any CPU = Release|Any CPU
	EndGlobalSection
	GlobalSection(ProjectConfigurationPlatforms) = postSolution
		{9D4B0EAC-F2CF-4B05-8272-ADD01ED340D5}.Debug|Any CPU.ActiveCfg = Debug|Any CPU
		{9D4B0EAC-F2CF-4B05-8272-ADD01ED340D5}.Debug|Any CPU.Build.0 = Debug|Any CPU
		{9D4B0EAC-F2CF-4B05-8272-ADD01ED340D5}.Release|Any CPU.ActiveCfg = Release|Any CPU
		{9D4B0EAC-F2CF-4B05-8272-ADD01ED340D5}.Release|Any CPU.Build.0 = Release|Any CPU
		{5BDC6419-D8EB-41C6-93C8-DD19D7FF29AA}.Debug|Any CPU.ActiveCfg = Debug|Any CPU
		{5BDC6419-D8EB-41C6-93C8-DD19D7FF29AA}.Debug|Any CPU.Build.0 = Debug|Any CPU
		{5BDC6419-D8EB-41C6-93C8-DD19D7FF29AA}.Release|Any CPU.ActiveCfg = Release|Any CPU
		{5BDC6419-D8EB-41C6-93C8-DD19D7FF29AA}.Release|Any CPU.Build.0 = Release|Any CPU
		{B3C93F42-C79E-442B-8091-0B81732E6D5D}.Debug|Any CPU.ActiveCfg = Debug|Any CPU
		{B3C93F42-C79E-442B-8091-0B81732E6D5D}.Debug|Any CPU.Build.0 = Debug|Any CPU
		{B3C93F42-C79E-442B-8091-0B81732E6D5D}.Release|Any CPU.ActiveCfg = Release|Any CPU
		{B3C93F42-C79E-442B-8091-0B81732E6D5D}.Release|Any CPU.Build.0 = Release|Any CPU
	EndGlobalSection
	GlobalSection(SolutionProperties) = preSolution
		HideSolutionNode = FALSE
	EndGlobalSection
	GlobalSection(ExtensibilityGlobals) = postSolution
		SolutionGuid = {091177AB-1DCF-43F9-8605-D86E0B3E0D2F}
	EndGlobalSection
EndGlobal
